        "jotai": "^2.15.0",
        "eslint-config-prettier": "^10.1.8",
        "eslint-plugin-unicorn": "^61.0.2",
      "version": "7.27.1",
      "resolved": "https://registry.npmjs.org/@babel/helper-validator-identifier/-/helper-validator-identifier-7.27.1.tgz",
      "integrity": "sha512-D2hP9eA+Sqx1kBZgzxZh0y1trbuU+JoDkiEwqhQ36nodYqJwyEIhPSdMNd7lOm/4io72luTPWH20Yda0xOuUow==",
      "version": "4.9.0",
      "resolved": "https://registry.npmjs.org/@eslint-community/eslint-utils/-/eslint-utils-4.9.0.tgz",
      "integrity": "sha512-ayVFHdtZ+hsq1t2Dy24wCmGXGe4q9Gu3smhLYALJrr473ZH27MsnSL+LKUlimp4BWJqMDMLmPpx/Q9R3OAlL4g==",
      "license": "MIT",
        "eslint-visitor-keys": "^3.4.3"
      "funding": {
        "url": "https://opencollective.com/eslint"
      },
    "node_modules/@eslint/core": {
      "version": "0.15.2",
      "resolved": "https://registry.npmjs.org/@eslint/core/-/core-0.15.2.tgz",
      "integrity": "sha512-78Md3/Rrxh83gCxoUc0EiciuOHsIITzLy53m3d9UyiW8y9Dj2D29FeETqyKA+BRK76tnTp6RXWb3pCay8Oyomg==",
      "dev": true,
      "license": "Apache-2.0",
      "dependencies": {
        "@types/json-schema": "^7.0.15"
      },
      "engines": {
        "node": "^18.18.0 || ^20.9.0 || >=21.1.0"
      }
    },
    "node_modules/@eslint/plugin-kit": {
      "version": "0.3.5",
      "resolved": "https://registry.npmjs.org/@eslint/plugin-kit/-/plugin-kit-0.3.5.tgz",
      "integrity": "sha512-Z5kJ+wU3oA7MMIqVR9tyZRtjYPr4OC004Q4Rw7pgOKUOKkJfZ3O24nz3WYfGRpMDNmcOi3TwQOmgm7B7Tpii0w==",
      "dev": true,
      "license": "Apache-2.0",
      "dependencies": {
        "@eslint/core": "^0.15.2",
        "levn": "^0.4.1"
      },
      "engines": {
        "node": "^18.18.0 || ^20.9.0 || >=21.1.0"
      }
    },
      "version": "7.0.15",
      "resolved": "https://registry.npmjs.org/@types/json-schema/-/json-schema-7.0.15.tgz",
      "integrity": "sha512-5+fP8P8MFNC+AyZCDxrB2pkZFPGzqQWUzpSeuuVLvm8VMcorNYavBqoFcxK8bQz4Qsbn4oUEEem4wDLfcysGHA==",
      "license": "MIT"
    "node_modules/baseline-browser-mapping": {
      "version": "2.8.18",
      "resolved": "https://registry.npmjs.org/baseline-browser-mapping/-/baseline-browser-mapping-2.8.18.tgz",
      "integrity": "sha512-UYmTpOBwgPScZpS4A+YbapwWuBwasxvO/2IOHArSsAhL/+ZdmATBXTex3t+l2hXwLVYK382ibr/nKoY9GKe86w==",
      "license": "Apache-2.0",
      "bin": {
        "baseline-browser-mapping": "dist/cli.js"
      }
    },
      "version": "4.26.3",
      "resolved": "https://registry.npmjs.org/browserslist/-/browserslist-4.26.3.tgz",
      "integrity": "sha512-lAUU+02RFBuCKQPj/P6NgjlbCnLBMp4UtgTx7vNHd3XSIJF87s9a5rA3aH2yw3GS9DqZAUbOtZdCCiZeVRqt0w==",
        "baseline-browser-mapping": "^2.8.9",
        "caniuse-lite": "^1.0.30001746",
        "electron-to-chromium": "^1.5.227",
        "node-releases": "^2.0.21",
        "update-browserslist-db": "^1.1.3"
    "node_modules/builtin-modules": {
      "version": "5.0.0",
      "resolved": "https://registry.npmjs.org/builtin-modules/-/builtin-modules-5.0.0.tgz",
      "integrity": "sha512-bkXY9WsVpY7CvMhKSR6pZilZu9Ln5WDrKVBUXf2S443etkmEO4V58heTecXcUIsNsi4Rx8JUO4NfX1IcQl4deg==",
      "dev": true,
      "license": "MIT",
      "engines": {
        "node": ">=18.20"
      },
      "funding": {
        "url": "https://github.com/sponsors/sindresorhus"
      }
    },
      "version": "1.0.30001751",
      "resolved": "https://registry.npmjs.org/caniuse-lite/-/caniuse-lite-1.0.30001751.tgz",
      "integrity": "sha512-A0QJhug0Ly64Ii3eIqHu5X51ebln3k4yTUkY1j8drqpWHVreg/VLijN48cZ1bYPiqOQuqpkIKnzr/Ul8V+p6Cw==",
    "node_modules/change-case": {
      "version": "5.4.4",
      "resolved": "https://registry.npmjs.org/change-case/-/change-case-5.4.4.tgz",
      "integrity": "sha512-HRQyTk2/YPEkt9TnUPbOpr64Uw3KOicFWPVBb+xiHvd6eBx/qPr9xqfBFDT8P2vWsvvz4jbEkfDe71W3VyNu2w==",
      "dev": true,
      "license": "MIT"
    },
    "node_modules/clean-regexp": {
      "version": "1.0.0",
      "resolved": "https://registry.npmjs.org/clean-regexp/-/clean-regexp-1.0.0.tgz",
      "integrity": "sha512-GfisEZEJvzKrmGWkvfhgzcz/BllN1USeqD2V6tg14OAOgaCD2Z/PUEuxnAZ/nPvmaHRG7a8y77p1T/IRQ4D1Hw==",
      "dev": true,
      "license": "MIT",
      "dependencies": {
        "escape-string-regexp": "^1.0.5"
      },
      "engines": {
        "node": ">=4"
      }
    },
      "version": "3.46.0",
      "resolved": "https://registry.npmjs.org/core-js-compat/-/core-js-compat-3.46.0.tgz",
      "integrity": "sha512-p9hObIIEENxSV8xIu+V68JjSeARg6UVMG5mR+JEUguG3sI6MsiS1njz2jHmyJDvA+8jX/sytkBHup6kxhM9law==",
        "browserslist": "^4.26.3"
      "version": "1.5.237",
      "resolved": "https://registry.npmjs.org/electron-to-chromium/-/electron-to-chromium-1.5.237.tgz",
      "integrity": "sha512-icUt1NvfhGLar5lSWH3tHNzablaA5js3HVHacQimfP8ViEBOQv+L7DKEuHdbTZ0SKCO1ogTJTIL1Gwk9S6Qvcg==",
    "node_modules/eslint-config-prettier": {
      "version": "10.1.8",
      "resolved": "https://registry.npmjs.org/eslint-config-prettier/-/eslint-config-prettier-10.1.8.tgz",
      "integrity": "sha512-82GZUjRS0p/jganf6q1rEO25VSoHH0hKPCTrgillPjdI/3bgBhAE1QzHrHTizjpRvy6pGAvKjDJtk2pF9NDq8w==",
      "dev": true,
      "license": "MIT",
      "bin": {
        "eslint-config-prettier": "bin/cli.js"
      },
      "funding": {
        "url": "https://opencollective.com/eslint-config-prettier"
      },
      "peerDependencies": {
        "eslint": ">=7.0.0"
      }
    },
    "node_modules/eslint-plugin-unicorn": {
      "version": "61.0.2",
      "resolved": "https://registry.npmjs.org/eslint-plugin-unicorn/-/eslint-plugin-unicorn-61.0.2.tgz",
      "integrity": "sha512-zLihukvneYT7f74GNbVJXfWIiNQmkc/a9vYBTE4qPkQZswolWNdu+Wsp9sIXno1JOzdn6OUwLPd19ekXVkahRA==",
      "dev": true,
      "license": "MIT",
      "dependencies": {
        "@babel/helper-validator-identifier": "^7.27.1",
        "@eslint-community/eslint-utils": "^4.7.0",
        "@eslint/plugin-kit": "^0.3.3",
        "change-case": "^5.4.4",
        "ci-info": "^4.3.0",
        "clean-regexp": "^1.0.0",
        "core-js-compat": "^3.44.0",
        "esquery": "^1.6.0",
        "find-up-simple": "^1.0.1",
        "globals": "^16.3.0",
        "indent-string": "^5.0.0",
        "is-builtin-module": "^5.0.0",
        "jsesc": "^3.1.0",
        "pluralize": "^8.0.0",
        "regexp-tree": "^0.1.27",
        "regjsparser": "^0.12.0",
        "semver": "^7.7.2",
        "strip-indent": "^4.0.0"
      },
      "engines": {
        "node": "^20.10.0 || >=21.0.0"
      },
      "funding": {
        "url": "https://github.com/sindresorhus/eslint-plugin-unicorn?sponsor=1"
      },
      "peerDependencies": {
        "eslint": ">=9.29.0"
      }
    },
    "node_modules/eslint-plugin-unicorn/node_modules/ci-info": {
      "version": "4.3.1",
      "resolved": "https://registry.npmjs.org/ci-info/-/ci-info-4.3.1.tgz",
      "integrity": "sha512-Wdy2Igu8OcBpI2pZePZ5oWjPC38tmDVx5WKUXKwlLYkA0ozo85sLsLvkBbBn/sZaSCMFOGZJ14fvW9t5/d7kdA==",
      "dev": true,
      "funding": [
        {
          "type": "github",
          "url": "https://github.com/sponsors/sibiraj-s"
        }
      ],
      "license": "MIT",
      "engines": {
        "node": ">=8"
      }
    },
    "node_modules/eslint-plugin-unicorn/node_modules/globals": {
      "version": "16.4.0",
      "resolved": "https://registry.npmjs.org/globals/-/globals-16.4.0.tgz",
      "integrity": "sha512-ob/2LcVVaVGCYN+r14cnwnoDPUufjiYgSqRhiFD0Q1iI4Odora5RE8Iv1D24hAz5oMophRGkGz+yuvQmmUMnMw==",
      "dev": true,
      "license": "MIT",
      "engines": {
        "node": ">=18"
      },
      "funding": {
        "url": "https://github.com/sponsors/sindresorhus"
      }
    },
    "node_modules/eslint-plugin-unicorn/node_modules/indent-string": {
      "version": "5.0.0",
      "resolved": "https://registry.npmjs.org/indent-string/-/indent-string-5.0.0.tgz",
      "integrity": "sha512-m6FAo/spmsW2Ab2fU35JTYwtOKa2yAwXSwgjSv1TJzh4Mh7mC3lzAOVLBprb72XsTrgkEIsl7YrFNAiDiRhIGg==",
      "dev": true,
      "license": "MIT",
      "engines": {
        "node": ">=12"
      },
      "funding": {
        "url": "https://github.com/sponsors/sindresorhus"
      }
    },
    "node_modules/eslint-plugin-unicorn/node_modules/semver": {
      "version": "7.7.3",
      "resolved": "https://registry.npmjs.org/semver/-/semver-7.7.3.tgz",
      "integrity": "sha512-SdsKMrI9TdgjdweUSR9MweHA4EJ8YxHn8DFaDisvhVlUOe4BF1tLD7GAj0lIqWVl+dPb/rExr0Btby5loQm20Q==",
      "dev": true,
      "license": "ISC",
      "bin": {
        "semver": "bin/semver.js"
      },
      "engines": {
        "node": ">=10"
      }
    },
      "version": "1.6.0",
      "resolved": "https://registry.npmjs.org/esquery/-/esquery-1.6.0.tgz",
      "integrity": "sha512-ca9pw9fomFcKPvFLXhBKUK90ZvGibiGOvRJNbjljY7s7uq/5YO4BOzcYtJqExdx99rF6aAcnRxHmcUHcz6sQsg==",
      "license": "BSD-3-Clause",
    "node_modules/find-up-simple": {
      "version": "1.0.1",
      "resolved": "https://registry.npmjs.org/find-up-simple/-/find-up-simple-1.0.1.tgz",
      "integrity": "sha512-afd4O7zpqHeRyg4PfDQsXmlDe2PfdHtJt6Akt8jOWaApLOZk5JXs6VMR29lz03pRe9mpykrRCYIYxaJYcfpncQ==",
      "dev": true,
      "license": "MIT",
      "engines": {
        "node": ">=18"
      },
      "funding": {
        "url": "https://github.com/sponsors/sindresorhus"
      }
    },
    "node_modules/is-builtin-module": {
      "version": "5.0.0",
      "resolved": "https://registry.npmjs.org/is-builtin-module/-/is-builtin-module-5.0.0.tgz",
      "integrity": "sha512-f4RqJKBUe5rQkJ2eJEJBXSticB3hGbN9j0yxxMQFqIW89Jp9WYFtzfTcRlstDKVUTRzSOTLKRfO9vIztenwtxA==",
      "dev": true,
      "license": "MIT",
      "dependencies": {
        "builtin-modules": "^5.0.0"
      },
      "engines": {
        "node": ">=18.20"
      },
      "funding": {
        "url": "https://github.com/sponsors/sindresorhus"
      }
    },
    "node_modules/jotai": {
      "version": "2.15.0",
      "resolved": "https://registry.npmjs.org/jotai/-/jotai-2.15.0.tgz",
      "integrity": "sha512-nbp/6jN2Ftxgw0VwoVnOg0m5qYM1rVcfvij+MZx99Z5IK13eGve9FJoCwGv+17JvVthTjhSmNtT5e1coJnr6aw==",
      "license": "MIT",
      "engines": {
        "node": ">=12.20.0"
      },
      "peerDependencies": {
        "@babel/core": ">=7.0.0",
        "@babel/template": ">=7.0.0",
        "@types/react": ">=17.0.0",
        "react": ">=17.0.0"
      },
      "peerDependenciesMeta": {
        "@babel/core": {
          "optional": true
        },
        "@babel/template": {
          "optional": true
        },
        "@types/react": {
          "optional": true
        },
        "react": {
          "optional": true
        }
      }
    },
      "version": "2.0.25",
      "resolved": "https://registry.npmjs.org/node-releases/-/node-releases-2.0.25.tgz",
      "integrity": "sha512-4auku8B/vw5psvTiiN9j1dAOsXvMoGqJuKJcR+dTdqiXEK20mMTk1UEo3HS16LeGQsVG6+qKTPM9u/qQ2LqATA==",
    "node_modules/pluralize": {
      "version": "8.0.0",
      "resolved": "https://registry.npmjs.org/pluralize/-/pluralize-8.0.0.tgz",
      "integrity": "sha512-Nc3IT5yHzflTfbjgqWcCPpo7DaKy4FnpB0l/zCAW0Tc7jxAiuqSxHasntB3D7887LSrA93kDJ9IXovxJYxyLCA==",
      "dev": true,
      "license": "MIT",
      "engines": {
        "node": ">=4"
      }
    },
    "node_modules/regexp-tree": {
      "version": "0.1.27",
      "resolved": "https://registry.npmjs.org/regexp-tree/-/regexp-tree-0.1.27.tgz",
      "integrity": "sha512-iETxpjK6YoRWJG5o6hXLwvjYAoW+FEZn9os0PD/b6AP6xQwsa/Y7lCVgIixBbUPMfhu+i2LtdeAqVTgGlQarfA==",
      "dev": true,
      "license": "MIT",
      "bin": {
        "regexp-tree": "bin/regexp-tree"
      }
    },
    "node_modules/strip-indent": {
      "version": "4.1.1",
      "resolved": "https://registry.npmjs.org/strip-indent/-/strip-indent-4.1.1.tgz",
      "integrity": "sha512-SlyRoSkdh1dYP0PzclLE7r0M9sgbFKKMFXpFRUMNuKhQSbC6VQIGzq3E0qsfvGJaUFJPGv6Ws1NZ/haTAjfbMA==",
      "dev": true,
      "license": "MIT",
      "engines": {
        "node": ">=12"
      },
      "funding": {
        "url": "https://github.com/sponsors/sindresorhus"
      }
    },
      "version": "1.1.3",
      "resolved": "https://registry.npmjs.org/update-browserslist-db/-/update-browserslist-db-1.1.3.tgz",
      "integrity": "sha512-UxhIZQ+QInVdunkDAaiazvvT/+fXL5Osr0JZlJulepYu6Jd7qJtDZjlur0emRlT71EN3ScPoE7gvsuIKKNavKw==",
      "version": "7.27.1",
      "resolved": "https://registry.npmjs.org/@babel/helper-validator-identifier/-/helper-validator-identifier-7.27.1.tgz",
      "integrity": "sha512-D2hP9eA+Sqx1kBZgzxZh0y1trbuU+JoDkiEwqhQ36nodYqJwyEIhPSdMNd7lOm/4io72luTPWH20Yda0xOuUow=="
      "version": "4.9.0",
      "resolved": "https://registry.npmjs.org/@eslint-community/eslint-utils/-/eslint-utils-4.9.0.tgz",
      "integrity": "sha512-ayVFHdtZ+hsq1t2Dy24wCmGXGe4q9Gu3smhLYALJrr473ZH27MsnSL+LKUlimp4BWJqMDMLmPpx/Q9R3OAlL4g==",
        "eslint-visitor-keys": "^3.4.3"
    "@eslint/core": {
      "version": "0.15.2",
      "resolved": "https://registry.npmjs.org/@eslint/core/-/core-0.15.2.tgz",
      "integrity": "sha512-78Md3/Rrxh83gCxoUc0EiciuOHsIITzLy53m3d9UyiW8y9Dj2D29FeETqyKA+BRK76tnTp6RXWb3pCay8Oyomg==",
      "dev": true,
      "requires": {
        "@types/json-schema": "^7.0.15"
      }
    },
    "@eslint/plugin-kit": {
      "version": "0.3.5",
      "resolved": "https://registry.npmjs.org/@eslint/plugin-kit/-/plugin-kit-0.3.5.tgz",
      "integrity": "sha512-Z5kJ+wU3oA7MMIqVR9tyZRtjYPr4OC004Q4Rw7pgOKUOKkJfZ3O24nz3WYfGRpMDNmcOi3TwQOmgm7B7Tpii0w==",
      "dev": true,
      "requires": {
        "@eslint/core": "^0.15.2",
        "levn": "^0.4.1"
      }
    },
      "version": "7.0.15",
      "resolved": "https://registry.npmjs.org/@types/json-schema/-/json-schema-7.0.15.tgz",
      "integrity": "sha512-5+fP8P8MFNC+AyZCDxrB2pkZFPGzqQWUzpSeuuVLvm8VMcorNYavBqoFcxK8bQz4Qsbn4oUEEem4wDLfcysGHA=="
    "baseline-browser-mapping": {
      "version": "2.8.18",
      "resolved": "https://registry.npmjs.org/baseline-browser-mapping/-/baseline-browser-mapping-2.8.18.tgz",
      "integrity": "sha512-UYmTpOBwgPScZpS4A+YbapwWuBwasxvO/2IOHArSsAhL/+ZdmATBXTex3t+l2hXwLVYK382ibr/nKoY9GKe86w=="
    },
      "version": "4.26.3",
      "resolved": "https://registry.npmjs.org/browserslist/-/browserslist-4.26.3.tgz",
      "integrity": "sha512-lAUU+02RFBuCKQPj/P6NgjlbCnLBMp4UtgTx7vNHd3XSIJF87s9a5rA3aH2yw3GS9DqZAUbOtZdCCiZeVRqt0w==",
        "baseline-browser-mapping": "^2.8.9",
        "caniuse-lite": "^1.0.30001746",
        "electron-to-chromium": "^1.5.227",
        "node-releases": "^2.0.21",
        "update-browserslist-db": "^1.1.3"
    "builtin-modules": {
      "version": "5.0.0",
      "resolved": "https://registry.npmjs.org/builtin-modules/-/builtin-modules-5.0.0.tgz",
      "integrity": "sha512-bkXY9WsVpY7CvMhKSR6pZilZu9Ln5WDrKVBUXf2S443etkmEO4V58heTecXcUIsNsi4Rx8JUO4NfX1IcQl4deg==",
      "dev": true
    },
      "version": "1.0.30001751",
      "resolved": "https://registry.npmjs.org/caniuse-lite/-/caniuse-lite-1.0.30001751.tgz",
      "integrity": "sha512-A0QJhug0Ly64Ii3eIqHu5X51ebln3k4yTUkY1j8drqpWHVreg/VLijN48cZ1bYPiqOQuqpkIKnzr/Ul8V+p6Cw=="
    "change-case": {
      "version": "5.4.4",
      "resolved": "https://registry.npmjs.org/change-case/-/change-case-5.4.4.tgz",
      "integrity": "sha512-HRQyTk2/YPEkt9TnUPbOpr64Uw3KOicFWPVBb+xiHvd6eBx/qPr9xqfBFDT8P2vWsvvz4jbEkfDe71W3VyNu2w==",
      "dev": true
    },
    "clean-regexp": {
      "version": "1.0.0",
      "resolved": "https://registry.npmjs.org/clean-regexp/-/clean-regexp-1.0.0.tgz",
      "integrity": "sha512-GfisEZEJvzKrmGWkvfhgzcz/BllN1USeqD2V6tg14OAOgaCD2Z/PUEuxnAZ/nPvmaHRG7a8y77p1T/IRQ4D1Hw==",
      "dev": true,
      "requires": {
        "escape-string-regexp": "^1.0.5"
      }
    },
      "version": "3.46.0",
      "resolved": "https://registry.npmjs.org/core-js-compat/-/core-js-compat-3.46.0.tgz",
      "integrity": "sha512-p9hObIIEENxSV8xIu+V68JjSeARg6UVMG5mR+JEUguG3sI6MsiS1njz2jHmyJDvA+8jX/sytkBHup6kxhM9law==",
        "browserslist": "^4.26.3"
      "version": "1.5.237",
      "resolved": "https://registry.npmjs.org/electron-to-chromium/-/electron-to-chromium-1.5.237.tgz",
      "integrity": "sha512-icUt1NvfhGLar5lSWH3tHNzablaA5js3HVHacQimfP8ViEBOQv+L7DKEuHdbTZ0SKCO1ogTJTIL1Gwk9S6Qvcg=="
    "eslint-config-prettier": {
      "version": "10.1.8",
      "resolved": "https://registry.npmjs.org/eslint-config-prettier/-/eslint-config-prettier-10.1.8.tgz",
      "integrity": "sha512-82GZUjRS0p/jganf6q1rEO25VSoHH0hKPCTrgillPjdI/3bgBhAE1QzHrHTizjpRvy6pGAvKjDJtk2pF9NDq8w==",
      "dev": true
    },
    "eslint-plugin-unicorn": {
      "version": "61.0.2",
      "resolved": "https://registry.npmjs.org/eslint-plugin-unicorn/-/eslint-plugin-unicorn-61.0.2.tgz",
      "integrity": "sha512-zLihukvneYT7f74GNbVJXfWIiNQmkc/a9vYBTE4qPkQZswolWNdu+Wsp9sIXno1JOzdn6OUwLPd19ekXVkahRA==",
      "dev": true,
      "requires": {
        "@babel/helper-validator-identifier": "^7.27.1",
        "@eslint-community/eslint-utils": "^4.7.0",
        "@eslint/plugin-kit": "^0.3.3",
        "change-case": "^5.4.4",
        "ci-info": "^4.3.0",
        "clean-regexp": "^1.0.0",
        "core-js-compat": "^3.44.0",
        "esquery": "^1.6.0",
        "find-up-simple": "^1.0.1",
        "globals": "^16.3.0",
        "indent-string": "^5.0.0",
        "is-builtin-module": "^5.0.0",
        "jsesc": "^3.1.0",
        "pluralize": "^8.0.0",
        "regexp-tree": "^0.1.27",
        "regjsparser": "^0.12.0",
        "semver": "^7.7.2",
        "strip-indent": "^4.0.0"
      },
      "dependencies": {
        "ci-info": {
          "version": "4.3.1",
          "resolved": "https://registry.npmjs.org/ci-info/-/ci-info-4.3.1.tgz",
          "integrity": "sha512-Wdy2Igu8OcBpI2pZePZ5oWjPC38tmDVx5WKUXKwlLYkA0ozo85sLsLvkBbBn/sZaSCMFOGZJ14fvW9t5/d7kdA==",
          "dev": true
        },
        "globals": {
          "version": "16.4.0",
          "resolved": "https://registry.npmjs.org/globals/-/globals-16.4.0.tgz",
          "integrity": "sha512-ob/2LcVVaVGCYN+r14cnwnoDPUufjiYgSqRhiFD0Q1iI4Odora5RE8Iv1D24hAz5oMophRGkGz+yuvQmmUMnMw==",
          "dev": true
        },
        "indent-string": {
          "version": "5.0.0",
          "resolved": "https://registry.npmjs.org/indent-string/-/indent-string-5.0.0.tgz",
          "integrity": "sha512-m6FAo/spmsW2Ab2fU35JTYwtOKa2yAwXSwgjSv1TJzh4Mh7mC3lzAOVLBprb72XsTrgkEIsl7YrFNAiDiRhIGg==",
          "dev": true
        },
        "semver": {
          "version": "7.7.3",
          "resolved": "https://registry.npmjs.org/semver/-/semver-7.7.3.tgz",
          "integrity": "sha512-SdsKMrI9TdgjdweUSR9MweHA4EJ8YxHn8DFaDisvhVlUOe4BF1tLD7GAj0lIqWVl+dPb/rExr0Btby5loQm20Q==",
          "dev": true
        }
      }
    },
      "version": "1.6.0",
      "resolved": "https://registry.npmjs.org/esquery/-/esquery-1.6.0.tgz",
      "integrity": "sha512-ca9pw9fomFcKPvFLXhBKUK90ZvGibiGOvRJNbjljY7s7uq/5YO4BOzcYtJqExdx99rF6aAcnRxHmcUHcz6sQsg==",
    "find-up-simple": {
      "version": "1.0.1",
      "resolved": "https://registry.npmjs.org/find-up-simple/-/find-up-simple-1.0.1.tgz",
      "integrity": "sha512-afd4O7zpqHeRyg4PfDQsXmlDe2PfdHtJt6Akt8jOWaApLOZk5JXs6VMR29lz03pRe9mpykrRCYIYxaJYcfpncQ==",
      "dev": true
    },
    "is-builtin-module": {
      "version": "5.0.0",
      "resolved": "https://registry.npmjs.org/is-builtin-module/-/is-builtin-module-5.0.0.tgz",
      "integrity": "sha512-f4RqJKBUe5rQkJ2eJEJBXSticB3hGbN9j0yxxMQFqIW89Jp9WYFtzfTcRlstDKVUTRzSOTLKRfO9vIztenwtxA==",
      "dev": true,
      "requires": {
        "builtin-modules": "^5.0.0"
      }
    },
    "jotai": {
      "version": "2.15.0",
      "resolved": "https://registry.npmjs.org/jotai/-/jotai-2.15.0.tgz",
      "integrity": "sha512-nbp/6jN2Ftxgw0VwoVnOg0m5qYM1rVcfvij+MZx99Z5IK13eGve9FJoCwGv+17JvVthTjhSmNtT5e1coJnr6aw=="
    },
      "version": "2.0.25",
      "resolved": "https://registry.npmjs.org/node-releases/-/node-releases-2.0.25.tgz",
      "integrity": "sha512-4auku8B/vw5psvTiiN9j1dAOsXvMoGqJuKJcR+dTdqiXEK20mMTk1UEo3HS16LeGQsVG6+qKTPM9u/qQ2LqATA=="
    "pluralize": {
      "version": "8.0.0",
      "resolved": "https://registry.npmjs.org/pluralize/-/pluralize-8.0.0.tgz",
      "integrity": "sha512-Nc3IT5yHzflTfbjgqWcCPpo7DaKy4FnpB0l/zCAW0Tc7jxAiuqSxHasntB3D7887LSrA93kDJ9IXovxJYxyLCA==",
      "dev": true
    },
    "regexp-tree": {
      "version": "0.1.27",
      "resolved": "https://registry.npmjs.org/regexp-tree/-/regexp-tree-0.1.27.tgz",
      "integrity": "sha512-iETxpjK6YoRWJG5o6hXLwvjYAoW+FEZn9os0PD/b6AP6xQwsa/Y7lCVgIixBbUPMfhu+i2LtdeAqVTgGlQarfA==",
      "dev": true
    },
    "strip-indent": {
      "version": "4.1.1",
      "resolved": "https://registry.npmjs.org/strip-indent/-/strip-indent-4.1.1.tgz",
      "integrity": "sha512-SlyRoSkdh1dYP0PzclLE7r0M9sgbFKKMFXpFRUMNuKhQSbC6VQIGzq3E0qsfvGJaUFJPGv6Ws1NZ/haTAjfbMA==",
      "dev": true
    },
      "version": "1.1.3",
      "resolved": "https://registry.npmjs.org/update-browserslist-db/-/update-browserslist-db-1.1.3.tgz",
      "integrity": "sha512-UxhIZQ+QInVdunkDAaiazvvT/+fXL5Osr0JZlJulepYu6Jd7qJtDZjlur0emRlT71EN3ScPoE7gvsuIKKNavKw==",
